// !$*UTF8*$!
{
	archiveVersion = 1;
	classes = {
	};
	objectVersion = 56;
	objects = {

/* Begin PBXBuildFile section */
		3024F0684D85B4C69EE49ADD /* Pods_upace_ios.framework in Frameworks */ = {isa = PBXBuildFile; fileRef = EA69D404241D6D0D3BFA7D06 /* Pods_upace_ios.framework */; };
		AE0540662BB69192003802A6 /* call.mp3 in Resources */ = {isa = PBXBuildFile; fileRef = AE0540652BB69192003802A6 /* call.mp3 */; };
		AE12337C2BB5734A00F1528A /* NotificationViewController.swift in Sources */ = {isa = PBXBuildFile; fileRef = AE12337B2BB5734A00F1528A /* NotificationViewController.swift */; };
		AE5636B32B9E26FE001454C4 /* SingleEventViewController.swift in Sources */ = {isa = PBXBuildFile; fileRef = AE5636B22B9E26FE001454C4 /* SingleEventViewController.swift */; };
		AE5636B52B9F10B6001454C4 /* EventPageViewController.swift in Sources */ = {isa = PBXBuildFile; fileRef = AE5636B42B9F10B6001454C4 /* EventPageViewController.swift */; };
		AE5636B82B9F11BD001454C4 /* BoothListViewController.swift in Sources */ = {isa = PBXBuildFile; fileRef = AE5636B72B9F11BD001454C4 /* BoothListViewController.swift */; };
		AE5636BA2B9F11CE001454C4 /* OverviewViewController.swift in Sources */ = {isa = PBXBuildFile; fileRef = AE5636B92B9F11CE001454C4 /* OverviewViewController.swift */; };
		AE5636BC2B9F11DB001454C4 /* FAQViewController.swift in Sources */ = {isa = PBXBuildFile; fileRef = AE5636BB2B9F11DB001454C4 /* FAQViewController.swift */; };
		AE61DE722BA48FED0091C77F /* AmazonChimeSDKMedia.xcframework in Frameworks */ = {isa = PBXBuildFile; fileRef = AE61DE712BA48FED0091C77F /* AmazonChimeSDKMedia.xcframework */; };
		AE68A94A2B9A2ACB00AF97C4 /* MainViewController.swift in Sources */ = {isa = PBXBuildFile; fileRef = AE68A9492B9A2ACB00AF97C4 /* MainViewController.swift */; };
		AE68A94C2B9A2B4600AF97C4 /* FeaturesViewController.swift in Sources */ = {isa = PBXBuildFile; fileRef = AE68A94B2B9A2B4600AF97C4 /* FeaturesViewController.swift */; };
		AE68A94E2B9A2B6600AF97C4 /* UniversitiesViewController.swift in Sources */ = {isa = PBXBuildFile; fileRef = AE68A94D2B9A2B6600AF97C4 /* UniversitiesViewController.swift */; };
		AE68A9502B9A2B7A00AF97C4 /* CoursesViewController.swift in Sources */ = {isa = PBXBuildFile; fileRef = AE68A94F2B9A2B7A00AF97C4 /* CoursesViewController.swift */; };
		AE68A9522B9A2B8D00AF97C4 /* ProfileViewController.swift in Sources */ = {isa = PBXBuildFile; fileRef = AE68A9512B9A2B8D00AF97C4 /* ProfileViewController.swift */; };
		AE68A9542B9A2CE900AF97C4 /* TabPageViewController.swift in Sources */ = {isa = PBXBuildFile; fileRef = AE68A9532B9A2CE900AF97C4 /* TabPageViewController.swift */; };
		AE9FF3772BB29FE7003B2F6E /* GoogleService-Info.plist in Resources */ = {isa = PBXBuildFile; fileRef = AE9FF3762BB29FE7003B2F6E /* GoogleService-Info.plist */; };
		AEA175782BB480FD0076F225 /* FirebaseManager.swift in Sources */ = {isa = PBXBuildFile; fileRef = AEA175772BB480FD0076F225 /* FirebaseManager.swift */; };
		AEA46C6D2BA4AAAA0056D55E /* AmazonChimeSDK.xcframework in Frameworks */ = {isa = PBXBuildFile; fileRef = AE61DE6D2BA48FCF0091C77F /* AmazonChimeSDK.xcframework */; };
		AEB723192B9C2C270008A80C /* CustomTextfieldView.swift in Sources */ = {isa = PBXBuildFile; fileRef = AEB723182B9C2C270008A80C /* CustomTextfieldView.swift */; };
		AEB7231B2B9C2C440008A80C /* CustomTextfieldView.xib in Resources */ = {isa = PBXBuildFile; fileRef = AEB7231A2B9C2C440008A80C /* CustomTextfieldView.xib */; };
		AEC2D0512B98F67600B2CEA0 /* ToastManager.swift in Sources */ = {isa = PBXBuildFile; fileRef = AEC2D0502B98F67600B2CEA0 /* ToastManager.swift */; };
		AEDA83E22BBD216900A9E75D /* Localizable.strings in Resources */ = {isa = PBXBuildFile; fileRef = AEDA83E42BBD216900A9E75D /* Localizable.strings */; };
		AEDCB4602BA1D7B2007E0EA0 /* MeetingViewController.swift in Sources */ = {isa = PBXBuildFile; fileRef = AEDCB45F2BA1D7B2007E0EA0 /* MeetingViewController.swift */; };
		AEE5241C2B999E31007B0D37 /* SessionManager.swift in Sources */ = {isa = PBXBuildFile; fileRef = AEE5241B2B999E31007B0D37 /* SessionManager.swift */; };
		AEE5241E2B999EC5007B0D37 /* Model.swift in Sources */ = {isa = PBXBuildFile; fileRef = AEE5241D2B999EC5007B0D37 /* Model.swift */; };
		AEE524202B999F23007B0D37 /* ActivityIndicator.swift in Sources */ = {isa = PBXBuildFile; fileRef = AEE5241F2B999F23007B0D37 /* ActivityIndicator.swift */; };
		AEE524222B99C013007B0D37 /* Singleton.swift in Sources */ = {isa = PBXBuildFile; fileRef = AEE524212B99C013007B0D37 /* Singleton.swift */; };
		AEE524242B99C528007B0D37 /* HomeViewController.swift in Sources */ = {isa = PBXBuildFile; fileRef = AEE524232B99C528007B0D37 /* HomeViewController.swift */; };
		AEE5F0AD2B9B3905003E5A64 /* InitialViewController.swift in Sources */ = {isa = PBXBuildFile; fileRef = AEE5F0AC2B9B3905003E5A64 /* InitialViewController.swift */; };
		AEE7D4EC2BA953C5006EC6F0 /* PopupViewController.swift in Sources */ = {isa = PBXBuildFile; fileRef = AEE7D4EB2BA953C5006EC6F0 /* PopupViewController.swift */; };
		AEE869072B98526D00549A94 /* AppDelegate.swift in Sources */ = {isa = PBXBuildFile; fileRef = AEE869062B98526D00549A94 /* AppDelegate.swift */; };
		AEE869092B98526D00549A94 /* SceneDelegate.swift in Sources */ = {isa = PBXBuildFile; fileRef = AEE869082B98526D00549A94 /* SceneDelegate.swift */; };
		AEE8690E2B98526D00549A94 /* Main.storyboard in Resources */ = {isa = PBXBuildFile; fileRef = AEE8690C2B98526D00549A94 /* Main.storyboard */; };
		AEE869102B98526F00549A94 /* Assets.xcassets in Resources */ = {isa = PBXBuildFile; fileRef = AEE8690F2B98526F00549A94 /* Assets.xcassets */; };
		AEE869132B98526F00549A94 /* LaunchScreen.storyboard in Resources */ = {isa = PBXBuildFile; fileRef = AEE869112B98526F00549A94 /* LaunchScreen.storyboard */; };
		AEE8691E2B98647B00549A94 /* Nunito-Font.ttf in Resources */ = {isa = PBXBuildFile; fileRef = AEE8691D2B98647B00549A94 /* Nunito-Font.ttf */; };
		AEE869212B98676A00549A94 /* Constants.swift in Sources */ = {isa = PBXBuildFile; fileRef = AEE869202B98676A00549A94 /* Constants.swift */; };
		AEE869242B98743300549A94 /* Designable.swift in Sources */ = {isa = PBXBuildFile; fileRef = AEE869232B98743300549A94 /* Designable.swift */; };
		AEE869262B987B5800549A94 /* LoginViewController.swift in Sources */ = {isa = PBXBuildFile; fileRef = AEE869252B987B5800549A94 /* LoginViewController.swift */; };
		AEE869282B98935200549A94 /* Functions.swift in Sources */ = {isa = PBXBuildFile; fileRef = AEE869272B98935200549A94 /* Functions.swift */; };
		AEE8692D2B989AA000549A94 /* CommonTopView.swift in Sources */ = {isa = PBXBuildFile; fileRef = AEE8692C2B989AA000549A94 /* CommonTopView.swift */; };
		AEE8692F2B989AB200549A94 /* CommonTopView.xib in Resources */ = {isa = PBXBuildFile; fileRef = AEE8692E2B989AB200549A94 /* CommonTopView.xib */; };
		AEF095472B98AB15000B53BE /* SignupViewController.swift in Sources */ = {isa = PBXBuildFile; fileRef = AEF095462B98AB15000B53BE /* SignupViewController.swift */; };
		AEF095492B98B1D0000B53BE /* Extensions.swift in Sources */ = {isa = PBXBuildFile; fileRef = AEF095482B98B1D0000B53BE /* Extensions.swift */; };
/* End PBXBuildFile section */

/* Begin PBXCopyFilesBuildPhase section */
		AEA46C6F2BA4AAAA0056D55E /* Embed Frameworks */ = {
			isa = PBXCopyFilesBuildPhase;
			buildActionMask = 2147483647;
			dstPath = "";
			dstSubfolderSpec = 10;
			files = (
			);
			name = "Embed Frameworks";
			runOnlyForDeploymentPostprocessing = 0;
		};
/* End PBXCopyFilesBuildPhase section */

/* Begin PBXFileReference section */
		8B2B33FA218BFF755642A923 /* Pods-upace-ios.debug.xcconfig */ = {isa = PBXFileReference; includeInIndex = 1; lastKnownFileType = text.xcconfig; name = "Pods-upace-ios.debug.xcconfig"; path = "Target Support Files/Pods-upace-ios/Pods-upace-ios.debug.xcconfig"; sourceTree = "<group>"; };
		AE0540652BB69192003802A6 /* call.mp3 */ = {isa = PBXFileReference; lastKnownFileType = audio.mp3; path = call.mp3; sourceTree = "<group>"; };
		AE12337B2BB5734A00F1528A /* NotificationViewController.swift */ = {isa = PBXFileReference; lastKnownFileType = sourcecode.swift; path = NotificationViewController.swift; sourceTree = "<group>"; };
		AE5636B22B9E26FE001454C4 /* SingleEventViewController.swift */ = {isa = PBXFileReference; lastKnownFileType = sourcecode.swift; path = SingleEventViewController.swift; sourceTree = "<group>"; };
		AE5636B42B9F10B6001454C4 /* EventPageViewController.swift */ = {isa = PBXFileReference; lastKnownFileType = sourcecode.swift; path = EventPageViewController.swift; sourceTree = "<group>"; };
		AE5636B72B9F11BD001454C4 /* BoothListViewController.swift */ = {isa = PBXFileReference; lastKnownFileType = sourcecode.swift; path = BoothListViewController.swift; sourceTree = "<group>"; };
		AE5636B92B9F11CE001454C4 /* OverviewViewController.swift */ = {isa = PBXFileReference; lastKnownFileType = sourcecode.swift; path = OverviewViewController.swift; sourceTree = "<group>"; };
		AE5636BB2B9F11DB001454C4 /* FAQViewController.swift */ = {isa = PBXFileReference; lastKnownFileType = sourcecode.swift; path = FAQViewController.swift; sourceTree = "<group>"; };
		AE61DE6D2BA48FCF0091C77F /* AmazonChimeSDK.xcframework */ = {isa = PBXFileReference; lastKnownFileType = wrapper.xcframework; name = AmazonChimeSDK.xcframework; path = "Pods/AmazonChimeSDK-Bitcode/AmazonChimeSDK.xcframework"; sourceTree = "<group>"; };
		AE61DE712BA48FED0091C77F /* AmazonChimeSDKMedia.xcframework */ = {isa = PBXFileReference; lastKnownFileType = wrapper.xcframework; name = AmazonChimeSDKMedia.xcframework; path = "Pods/AmazonChimeSDKMedia-Bitcode/AmazonChimeSDKMedia.xcframework"; sourceTree = "<group>"; };
		AE68A9492B9A2ACB00AF97C4 /* MainViewController.swift */ = {isa = PBXFileReference; lastKnownFileType = sourcecode.swift; path = MainViewController.swift; sourceTree = "<group>"; };
		AE68A94B2B9A2B4600AF97C4 /* FeaturesViewController.swift */ = {isa = PBXFileReference; lastKnownFileType = sourcecode.swift; path = FeaturesViewController.swift; sourceTree = "<group>"; };
		AE68A94D2B9A2B6600AF97C4 /* UniversitiesViewController.swift */ = {isa = PBXFileReference; lastKnownFileType = sourcecode.swift; path = UniversitiesViewController.swift; sourceTree = "<group>"; };
		AE68A94F2B9A2B7A00AF97C4 /* CoursesViewController.swift */ = {isa = PBXFileReference; lastKnownFileType = sourcecode.swift; path = CoursesViewController.swift; sourceTree = "<group>"; };
		AE68A9512B9A2B8D00AF97C4 /* ProfileViewController.swift */ = {isa = PBXFileReference; lastKnownFileType = sourcecode.swift; path = ProfileViewController.swift; sourceTree = "<group>"; };
		AE68A9532B9A2CE900AF97C4 /* TabPageViewController.swift */ = {isa = PBXFileReference; lastKnownFileType = sourcecode.swift; path = TabPageViewController.swift; sourceTree = "<group>"; };
		AE9FF3762BB29FE7003B2F6E /* GoogleService-Info.plist */ = {isa = PBXFileReference; fileEncoding = 4; lastKnownFileType = text.plist.xml; path = "GoogleService-Info.plist"; sourceTree = "<group>"; };
		AEA175772BB480FD0076F225 /* FirebaseManager.swift */ = {isa = PBXFileReference; lastKnownFileType = sourcecode.swift; path = FirebaseManager.swift; sourceTree = "<group>"; };
		AEB723182B9C2C270008A80C /* CustomTextfieldView.swift */ = {isa = PBXFileReference; lastKnownFileType = sourcecode.swift; path = CustomTextfieldView.swift; sourceTree = "<group>"; };
		AEB7231A2B9C2C440008A80C /* CustomTextfieldView.xib */ = {isa = PBXFileReference; lastKnownFileType = file.xib; path = CustomTextfieldView.xib; sourceTree = "<group>"; };
		AEC2D0502B98F67600B2CEA0 /* ToastManager.swift */ = {isa = PBXFileReference; lastKnownFileType = sourcecode.swift; path = ToastManager.swift; sourceTree = "<group>"; };
		AEDA83E32BBD216900A9E75D /* hi */ = {isa = PBXFileReference; lastKnownFileType = text.plist.strings; name = hi; path = hi.lproj/Localizable.strings; sourceTree = "<group>"; };
		AEDA83E82BBD275000A9E75D /* en */ = {isa = PBXFileReference; lastKnownFileType = text.plist.strings; name = en; path = en.lproj/Localizable.strings; sourceTree = "<group>"; };
		AEDA83EB2BBD317500A9E75D /* en */ = {isa = PBXFileReference; lastKnownFileType = text.plist.strings; name = en; path = en.lproj/Main.strings; sourceTree = "<group>"; };
		AEDA83EC2BBD318200A9E75D /* hi */ = {isa = PBXFileReference; lastKnownFileType = text.plist.strings; name = hi; path = hi.lproj/Main.strings; sourceTree = "<group>"; };
		AEDCB45F2BA1D7B2007E0EA0 /* MeetingViewController.swift */ = {isa = PBXFileReference; lastKnownFileType = sourcecode.swift; path = MeetingViewController.swift; sourceTree = "<group>"; };
		AEE5241B2B999E31007B0D37 /* SessionManager.swift */ = {isa = PBXFileReference; lastKnownFileType = sourcecode.swift; path = SessionManager.swift; sourceTree = "<group>"; };
		AEE5241D2B999EC5007B0D37 /* Model.swift */ = {isa = PBXFileReference; lastKnownFileType = sourcecode.swift; path = Model.swift; sourceTree = "<group>"; };
		AEE5241F2B999F23007B0D37 /* ActivityIndicator.swift */ = {isa = PBXFileReference; lastKnownFileType = sourcecode.swift; path = ActivityIndicator.swift; sourceTree = "<group>"; };
		AEE524212B99C013007B0D37 /* Singleton.swift */ = {isa = PBXFileReference; lastKnownFileType = sourcecode.swift; path = Singleton.swift; sourceTree = "<group>"; };
		AEE524232B99C528007B0D37 /* HomeViewController.swift */ = {isa = PBXFileReference; lastKnownFileType = sourcecode.swift; path = HomeViewController.swift; sourceTree = "<group>"; };
		AEE5F0AC2B9B3905003E5A64 /* InitialViewController.swift */ = {isa = PBXFileReference; lastKnownFileType = sourcecode.swift; path = InitialViewController.swift; sourceTree = "<group>"; };
		AEE7D4EB2BA953C5006EC6F0 /* PopupViewController.swift */ = {isa = PBXFileReference; lastKnownFileType = sourcecode.swift; path = PopupViewController.swift; sourceTree = "<group>"; };
		AEE869032B98526D00549A94 /* upace-ios.app */ = {isa = PBXFileReference; explicitFileType = wrapper.application; includeInIndex = 0; path = "upace-ios.app"; sourceTree = BUILT_PRODUCTS_DIR; };
		AEE869062B98526D00549A94 /* AppDelegate.swift */ = {isa = PBXFileReference; lastKnownFileType = sourcecode.swift; path = AppDelegate.swift; sourceTree = "<group>"; };
		AEE869082B98526D00549A94 /* SceneDelegate.swift */ = {isa = PBXFileReference; lastKnownFileType = sourcecode.swift; path = SceneDelegate.swift; sourceTree = "<group>"; };
		AEE8690D2B98526D00549A94 /* Base */ = {isa = PBXFileReference; lastKnownFileType = file.storyboard; name = Base; path = Base.lproj/Main.storyboard; sourceTree = "<group>"; };
		AEE8690F2B98526F00549A94 /* Assets.xcassets */ = {isa = PBXFileReference; lastKnownFileType = folder.assetcatalog; path = Assets.xcassets; sourceTree = "<group>"; };
		AEE869122B98526F00549A94 /* Base */ = {isa = PBXFileReference; lastKnownFileType = file.storyboard; name = Base; path = Base.lproj/LaunchScreen.storyboard; sourceTree = "<group>"; };
		AEE869142B98526F00549A94 /* Info.plist */ = {isa = PBXFileReference; lastKnownFileType = text.plist.xml; path = Info.plist; sourceTree = "<group>"; };
		AEE8691D2B98647B00549A94 /* Nunito-Font.ttf */ = {isa = PBXFileReference; lastKnownFileType = file; path = "Nunito-Font.ttf"; sourceTree = "<group>"; };
		AEE869202B98676A00549A94 /* Constants.swift */ = {isa = PBXFileReference; lastKnownFileType = sourcecode.swift; path = Constants.swift; sourceTree = "<group>"; };
		AEE869232B98743300549A94 /* Designable.swift */ = {isa = PBXFileReference; lastKnownFileType = sourcecode.swift; path = Designable.swift; sourceTree = "<group>"; };
		AEE869252B987B5800549A94 /* LoginViewController.swift */ = {isa = PBXFileReference; lastKnownFileType = sourcecode.swift; path = LoginViewController.swift; sourceTree = "<group>"; };
		AEE869272B98935200549A94 /* Functions.swift */ = {isa = PBXFileReference; lastKnownFileType = sourcecode.swift; path = Functions.swift; sourceTree = "<group>"; };
		AEE8692C2B989AA000549A94 /* CommonTopView.swift */ = {isa = PBXFileReference; lastKnownFileType = sourcecode.swift; path = CommonTopView.swift; sourceTree = "<group>"; };
		AEE8692E2B989AB200549A94 /* CommonTopView.xib */ = {isa = PBXFileReference; lastKnownFileType = file.xib; path = CommonTopView.xib; sourceTree = "<group>"; };
		AEF095462B98AB15000B53BE /* SignupViewController.swift */ = {isa = PBXFileReference; lastKnownFileType = sourcecode.swift; path = SignupViewController.swift; sourceTree = "<group>"; };
		AEF095482B98B1D0000B53BE /* Extensions.swift */ = {isa = PBXFileReference; lastKnownFileType = sourcecode.swift; path = Extensions.swift; sourceTree = "<group>"; };
		E7F5CC5EF377C9EB77DCBD2A /* Pods-upace-ios.release.xcconfig */ = {isa = PBXFileReference; includeInIndex = 1; lastKnownFileType = text.xcconfig; name = "Pods-upace-ios.release.xcconfig"; path = "Target Support Files/Pods-upace-ios/Pods-upace-ios.release.xcconfig"; sourceTree = "<group>"; };
		EA69D404241D6D0D3BFA7D06 /* Pods_upace_ios.framework */ = {isa = PBXFileReference; explicitFileType = wrapper.framework; includeInIndex = 0; path = Pods_upace_ios.framework; sourceTree = BUILT_PRODUCTS_DIR; };
/* End PBXFileReference section */

/* Begin PBXFrameworksBuildPhase section */
		AEE869002B98526D00549A94 /* Frameworks */ = {
			isa = PBXFrameworksBuildPhase;
			buildActionMask = 2147483647;
			files = (
				AEA46C6D2BA4AAAA0056D55E /* AmazonChimeSDK.xcframework in Frameworks */,
				AE61DE722BA48FED0091C77F /* AmazonChimeSDKMedia.xcframework in Frameworks */,
				3024F0684D85B4C69EE49ADD /* Pods_upace_ios.framework in Frameworks */,
			);
			runOnlyForDeploymentPostprocessing = 0;
		};
/* End PBXFrameworksBuildPhase section */

/* Begin PBXGroup section */
		AE12337A2BB572E700F1528A /* Additional Screens */ = {
			isa = PBXGroup;
			children = (
				AE12337B2BB5734A00F1528A /* NotificationViewController.swift */,
			);
			path = "Additional Screens";
			sourceTree = "<group>";
		};
		AE5636B12B9E26CA001454C4 /* Event Screen */ = {
			isa = PBXGroup;
			children = (
				AE5636B22B9E26FE001454C4 /* SingleEventViewController.swift */,
				AE5636B42B9F10B6001454C4 /* EventPageViewController.swift */,
				AE5636B62B9F119C001454C4 /* EventPages */,
			);
			path = "Event Screen";
			sourceTree = "<group>";
		};
		AE5636B62B9F119C001454C4 /* EventPages */ = {
			isa = PBXGroup;
			children = (
				AE5636B72B9F11BD001454C4 /* BoothListViewController.swift */,
				AE5636B92B9F11CE001454C4 /* OverviewViewController.swift */,
				AE5636BB2B9F11DB001454C4 /* FAQViewController.swift */,
			);
			path = EventPages;
			sourceTree = "<group>";
		};
		AE68A9482B9A2A8A00AF97C4 /* Tabbar */ = {
			isa = PBXGroup;
			children = (
				AE68A9492B9A2ACB00AF97C4 /* MainViewController.swift */,
				AE68A9532B9A2CE900AF97C4 /* TabPageViewController.swift */,
				AEE524232B99C528007B0D37 /* HomeViewController.swift */,
				AE68A94B2B9A2B4600AF97C4 /* FeaturesViewController.swift */,
				AE68A94D2B9A2B6600AF97C4 /* UniversitiesViewController.swift */,
				AE68A94F2B9A2B7A00AF97C4 /* CoursesViewController.swift */,
				AE68A9512B9A2B8D00AF97C4 /* ProfileViewController.swift */,
			);
			path = Tabbar;
			sourceTree = "<group>";
		};
		AEB723152B9C274B0008A80C /* AppDelegate */ = {
			isa = PBXGroup;
			children = (
				AEE869062B98526D00549A94 /* AppDelegate.swift */,
				AEE869082B98526D00549A94 /* SceneDelegate.swift */,
			);
			path = AppDelegate;
			sourceTree = "<group>";
		};
		AEB723162B9C27B00008A80C /* View */ = {
			isa = PBXGroup;
			children = (
				AEE8690C2B98526D00549A94 /* Main.storyboard */,
				AEE869112B98526F00549A94 /* LaunchScreen.storyboard */,
				AEE869292B989A3C00549A94 /* XibView */,
			);
			path = View;
			sourceTree = "<group>";
		};
		AEDCB45E2BA1D786007E0EA0 /* Meeting */ = {
			isa = PBXGroup;
			children = (
				AEDCB45F2BA1D7B2007E0EA0 /* MeetingViewController.swift */,
				AEE7D4EB2BA953C5006EC6F0 /* PopupViewController.swift */,
			);
			path = Meeting;
			sourceTree = "<group>";
		};
		AEE868FA2B98526D00549A94 = {
			isa = PBXGroup;
			children = (
				AEE869052B98526D00549A94 /* upace-ios */,
				AEE869042B98526D00549A94 /* Products */,
				D37F1C340A11E5D76102DB0D /* Pods */,
				B3A0007992E53BD3BAA33753 /* Frameworks */,
			);
			sourceTree = "<group>";
		};
		AEE869042B98526D00549A94 /* Products */ = {
			isa = PBXGroup;
			children = (
				AEE869032B98526D00549A94 /* upace-ios.app */,
			);
			name = Products;
			sourceTree = "<group>";
		};
		AEE869052B98526D00549A94 /* upace-ios */ = {
			isa = PBXGroup;
			children = (
				AEB723152B9C274B0008A80C /* AppDelegate */,
				AEE8691B2B98546A00549A94 /* Model */,
				AEE8691A2B98545F00549A94 /* Controller */,
				AEB723162B9C27B00008A80C /* View */,
				AEE8691C2B9857C600549A94 /* Resources */,
				AEE8690F2B98526F00549A94 /* Assets.xcassets */,
				AEE869142B98526F00549A94 /* Info.plist */,
				AE9FF3762BB29FE7003B2F6E /* GoogleService-Info.plist */,
			);
			path = "upace-ios";
			sourceTree = "<group>";
		};
		AEE8691A2B98545F00549A94 /* Controller */ = {
			isa = PBXGroup;
			children = (
				AEE5F0AC2B9B3905003E5A64 /* InitialViewController.swift */,
				AEE869222B98732300549A94 /* Registration */,
				AE68A9482B9A2A8A00AF97C4 /* Tabbar */,
				AE5636B12B9E26CA001454C4 /* Event Screen */,
				AEDCB45E2BA1D786007E0EA0 /* Meeting */,
				AE12337A2BB572E700F1528A /* Additional Screens */,
				AEE8691F2B98674A00549A94 /* Helper Files */,
			);
			path = Controller;
			sourceTree = "<group>";
		};
		AEE8691B2B98546A00549A94 /* Model */ = {
			isa = PBXGroup;
			children = (
				AEE5241D2B999EC5007B0D37 /* Model.swift */,
			);
			path = Model;
			sourceTree = "<group>";
		};
		AEE8691C2B9857C600549A94 /* Resources */ = {
			isa = PBXGroup;
			children = (
				AEE8691D2B98647B00549A94 /* Nunito-Font.ttf */,
				AE0540652BB69192003802A6 /* call.mp3 */,
				AEDA83E42BBD216900A9E75D /* Localizable.strings */,
			);
			path = Resources;
			sourceTree = "<group>";
		};
		AEE8691F2B98674A00549A94 /* Helper Files */ = {
			isa = PBXGroup;
			children = (
				AEE869202B98676A00549A94 /* Constants.swift */,
				AEE869232B98743300549A94 /* Designable.swift */,
				AEE869272B98935200549A94 /* Functions.swift */,
				AEF095482B98B1D0000B53BE /* Extensions.swift */,
				AEC2D0502B98F67600B2CEA0 /* ToastManager.swift */,
				AEE5241B2B999E31007B0D37 /* SessionManager.swift */,
				AEE5241F2B999F23007B0D37 /* ActivityIndicator.swift */,
				AEE524212B99C013007B0D37 /* Singleton.swift */,
				AEA175772BB480FD0076F225 /* FirebaseManager.swift */,
			);
			path = "Helper Files";
			sourceTree = "<group>";
		};
		AEE869222B98732300549A94 /* Registration */ = {
			isa = PBXGroup;
			children = (
				AEE869252B987B5800549A94 /* LoginViewController.swift */,
				AEF095462B98AB15000B53BE /* SignupViewController.swift */,
			);
			path = Registration;
			sourceTree = "<group>";
		};
		AEE869292B989A3C00549A94 /* XibView */ = {
			isa = PBXGroup;
			children = (
				AEE8692E2B989AB200549A94 /* CommonTopView.xib */,
				AEE8692C2B989AA000549A94 /* CommonTopView.swift */,
				AEB7231A2B9C2C440008A80C /* CustomTextfieldView.xib */,
				AEB723182B9C2C270008A80C /* CustomTextfieldView.swift */,
			);
			path = XibView;
			sourceTree = "<group>";
		};
		B3A0007992E53BD3BAA33753 /* Frameworks */ = {
			isa = PBXGroup;
			children = (
				AE61DE712BA48FED0091C77F /* AmazonChimeSDKMedia.xcframework */,
				AE61DE6D2BA48FCF0091C77F /* AmazonChimeSDK.xcframework */,
				EA69D404241D6D0D3BFA7D06 /* Pods_upace_ios.framework */,
			);
			name = Frameworks;
			sourceTree = "<group>";
		};
		D37F1C340A11E5D76102DB0D /* Pods */ = {
			isa = PBXGroup;
			children = (
				8B2B33FA218BFF755642A923 /* Pods-upace-ios.debug.xcconfig */,
				E7F5CC5EF377C9EB77DCBD2A /* Pods-upace-ios.release.xcconfig */,
			);
			path = Pods;
			sourceTree = "<group>";
		};
/* End PBXGroup section */

/* Begin PBXNativeTarget section */
		AEE869022B98526D00549A94 /* upace-ios */ = {
			isa = PBXNativeTarget;
			buildConfigurationList = AEE869172B98526F00549A94 /* Build configuration list for PBXNativeTarget "upace-ios" */;
			buildPhases = (
				DFBD3EE0AF66E2E451644D60 /* [CP] Check Pods Manifest.lock */,
				AEE868FF2B98526D00549A94 /* Sources */,
				AEE869002B98526D00549A94 /* Frameworks */,
				AEE869012B98526D00549A94 /* Resources */,
				0B7D101490982EC808D0EEDE /* [CP] Embed Pods Frameworks */,
				AEA46C6F2BA4AAAA0056D55E /* Embed Frameworks */,
			);
			buildRules = (
			);
			dependencies = (
			);
			name = "upace-ios";
			productName = "upace-ios";
			productReference = AEE869032B98526D00549A94 /* upace-ios.app */;
			productType = "com.apple.product-type.application";
		};
/* End PBXNativeTarget section */

/* Begin PBXProject section */
		AEE868FB2B98526D00549A94 /* Project object */ = {
			isa = PBXProject;
			attributes = {
				BuildIndependentTargetsInParallel = 1;
				LastSwiftUpdateCheck = 1510;
				LastUpgradeCheck = 1510;
				TargetAttributes = {
					AEE869022B98526D00549A94 = {
						CreatedOnToolsVersion = 15.1;
					};
				};
			};
			buildConfigurationList = AEE868FE2B98526D00549A94 /* Build configuration list for PBXProject "upace-ios" */;
			compatibilityVersion = "Xcode 14.0";
			developmentRegion = en;
			hasScannedForEncodings = 0;
			knownRegions = (
				en,
				Base,
				hi,
			);
			mainGroup = AEE868FA2B98526D00549A94;
			productRefGroup = AEE869042B98526D00549A94 /* Products */;
			projectDirPath = "";
			projectRoot = "";
			targets = (
				AEE869022B98526D00549A94 /* upace-ios */,
			);
		};
/* End PBXProject section */

/* Begin PBXResourcesBuildPhase section */
		AEE869012B98526D00549A94 /* Resources */ = {
			isa = PBXResourcesBuildPhase;
			buildActionMask = 2147483647;
			files = (
				AEE8691E2B98647B00549A94 /* Nunito-Font.ttf in Resources */,
				AEE8692F2B989AB200549A94 /* CommonTopView.xib in Resources */,
				AE0540662BB69192003802A6 /* call.mp3 in Resources */,
				AEE869132B98526F00549A94 /* LaunchScreen.storyboard in Resources */,
				AEDA83E22BBD216900A9E75D /* Localizable.strings in Resources */,
				AEE869102B98526F00549A94 /* Assets.xcassets in Resources */,
				AEB7231B2B9C2C440008A80C /* CustomTextfieldView.xib in Resources */,
				AEE8690E2B98526D00549A94 /* Main.storyboard in Resources */,
				AE9FF3772BB29FE7003B2F6E /* GoogleService-Info.plist in Resources */,
			);
			runOnlyForDeploymentPostprocessing = 0;
		};
/* End PBXResourcesBuildPhase section */

/* Begin PBXShellScriptBuildPhase section */
		0B7D101490982EC808D0EEDE /* [CP] Embed Pods Frameworks */ = {
			isa = PBXShellScriptBuildPhase;
			buildActionMask = 2147483647;
			files = (
			);
			inputFileListPaths = (
				"${PODS_ROOT}/Target Support Files/Pods-upace-ios/Pods-upace-ios-frameworks-${CONFIGURATION}-input-files.xcfilelist",
			);
			name = "[CP] Embed Pods Frameworks";
			outputFileListPaths = (
				"${PODS_ROOT}/Target Support Files/Pods-upace-ios/Pods-upace-ios-frameworks-${CONFIGURATION}-output-files.xcfilelist",
			);
			runOnlyForDeploymentPostprocessing = 0;
			shellPath = /bin/sh;
			shellScript = "\"${PODS_ROOT}/Target Support Files/Pods-upace-ios/Pods-upace-ios-frameworks.sh\"\n";
			showEnvVarsInLog = 0;
		};
		DFBD3EE0AF66E2E451644D60 /* [CP] Check Pods Manifest.lock */ = {
			isa = PBXShellScriptBuildPhase;
			buildActionMask = 2147483647;
			files = (
			);
			inputFileListPaths = (
			);
			inputPaths = (
				"${PODS_PODFILE_DIR_PATH}/Podfile.lock",
				"${PODS_ROOT}/Manifest.lock",
			);
			name = "[CP] Check Pods Manifest.lock";
			outputFileListPaths = (
			);
			outputPaths = (
				"$(DERIVED_FILE_DIR)/Pods-upace-ios-checkManifestLockResult.txt",
			);
			runOnlyForDeploymentPostprocessing = 0;
			shellPath = /bin/sh;
			shellScript = "diff \"${PODS_PODFILE_DIR_PATH}/Podfile.lock\" \"${PODS_ROOT}/Manifest.lock\" > /dev/null\nif [ $? != 0 ] ; then\n    # print error to STDERR\n    echo \"error: The sandbox is not in sync with the Podfile.lock. Run 'pod install' or update your CocoaPods installation.\" >&2\n    exit 1\nfi\n# This output is used by Xcode 'outputs' to avoid re-running this script phase.\necho \"SUCCESS\" > \"${SCRIPT_OUTPUT_FILE_0}\"\n";
			showEnvVarsInLog = 0;
		};
/* End PBXShellScriptBuildPhase section */

/* Begin PBXSourcesBuildPhase section */
		AEE868FF2B98526D00549A94 /* Sources */ = {
			isa = PBXSourcesBuildPhase;
			buildActionMask = 2147483647;
			files = (
				AEE524202B999F23007B0D37 /* ActivityIndicator.swift in Sources */,
				AEF095472B98AB15000B53BE /* SignupViewController.swift in Sources */,
				AE12337C2BB5734A00F1528A /* NotificationViewController.swift in Sources */,
				AE5636BA2B9F11CE001454C4 /* OverviewViewController.swift in Sources */,
				AEE524242B99C528007B0D37 /* HomeViewController.swift in Sources */,
				AE68A94C2B9A2B4600AF97C4 /* FeaturesViewController.swift in Sources */,
				AEE7D4EC2BA953C5006EC6F0 /* PopupViewController.swift in Sources */,
				AEE869262B987B5800549A94 /* LoginViewController.swift in Sources */,
				AEE869242B98743300549A94 /* Designable.swift in Sources */,
				AE68A9542B9A2CE900AF97C4 /* TabPageViewController.swift in Sources */,
				AEA175782BB480FD0076F225 /* FirebaseManager.swift in Sources */,
				AEE869282B98935200549A94 /* Functions.swift in Sources */,
				AE68A94A2B9A2ACB00AF97C4 /* MainViewController.swift in Sources */,
				AE68A9502B9A2B7A00AF97C4 /* CoursesViewController.swift in Sources */,
				AE68A94E2B9A2B6600AF97C4 /* UniversitiesViewController.swift in Sources */,
				AEC2D0512B98F67600B2CEA0 /* ToastManager.swift in Sources */,
				AEE5F0AD2B9B3905003E5A64 /* InitialViewController.swift in Sources */,
				AE5636B32B9E26FE001454C4 /* SingleEventViewController.swift in Sources */,
				AEE5241E2B999EC5007B0D37 /* Model.swift in Sources */,
				AEF095492B98B1D0000B53BE /* Extensions.swift in Sources */,
				AEB723192B9C2C270008A80C /* CustomTextfieldView.swift in Sources */,
				AEE869072B98526D00549A94 /* AppDelegate.swift in Sources */,
				AE5636B52B9F10B6001454C4 /* EventPageViewController.swift in Sources */,
				AEE8692D2B989AA000549A94 /* CommonTopView.swift in Sources */,
				AEE869092B98526D00549A94 /* SceneDelegate.swift in Sources */,
				AE5636B82B9F11BD001454C4 /* BoothListViewController.swift in Sources */,
				AEE524222B99C013007B0D37 /* Singleton.swift in Sources */,
				AE68A9522B9A2B8D00AF97C4 /* ProfileViewController.swift in Sources */,
				AEDCB4602BA1D7B2007E0EA0 /* MeetingViewController.swift in Sources */,
				AE5636BC2B9F11DB001454C4 /* FAQViewController.swift in Sources */,
				AEE869212B98676A00549A94 /* Constants.swift in Sources */,
				AEE5241C2B999E31007B0D37 /* SessionManager.swift in Sources */,
			);
			runOnlyForDeploymentPostprocessing = 0;
		};
/* End PBXSourcesBuildPhase section */

/* Begin PBXVariantGroup section */
		AEDA83E42BBD216900A9E75D /* Localizable.strings */ = {
			isa = PBXVariantGroup;
			children = (
				AEDA83E32BBD216900A9E75D /* hi */,
				AEDA83E82BBD275000A9E75D /* en */,
			);
			name = Localizable.strings;
			sourceTree = "<group>";
		};
		AEE8690C2B98526D00549A94 /* Main.storyboard */ = {
			isa = PBXVariantGroup;
			children = (
				AEE8690D2B98526D00549A94 /* Base */,
				AEDA83EB2BBD317500A9E75D /* en */,
				AEDA83EC2BBD318200A9E75D /* hi */,
			);
			name = Main.storyboard;
			sourceTree = "<group>";
		};
		AEE869112B98526F00549A94 /* LaunchScreen.storyboard */ = {
			isa = PBXVariantGroup;
			children = (
				AEE869122B98526F00549A94 /* Base */,
			);
			name = LaunchScreen.storyboard;
			sourceTree = "<group>";
		};
/* End PBXVariantGroup section */

/* Begin XCBuildConfiguration section */
		AEE869152B98526F00549A94 /* Debug */ = {
			isa = XCBuildConfiguration;
			buildSettings = {
				ALWAYS_SEARCH_USER_PATHS = NO;
				ASSETCATALOG_COMPILER_GENERATE_SWIFT_ASSET_SYMBOL_EXTENSIONS = YES;
				CLANG_ANALYZER_LOCALIZABILITY_NONLOCALIZED = YES;
				CLANG_ANALYZER_NONNULL = YES;
				CLANG_ANALYZER_NUMBER_OBJECT_CONVERSION = YES_AGGRESSIVE;
				CLANG_CXX_LANGUAGE_STANDARD = "gnu++20";
				CLANG_ENABLE_MODULES = YES;
				CLANG_ENABLE_OBJC_ARC = YES;
				CLANG_ENABLE_OBJC_WEAK = YES;
				CLANG_WARN_BLOCK_CAPTURE_AUTORELEASING = YES;
				CLANG_WARN_BOOL_CONVERSION = YES;
				CLANG_WARN_COMMA = YES;
				CLANG_WARN_CONSTANT_CONVERSION = YES;
				CLANG_WARN_DEPRECATED_OBJC_IMPLEMENTATIONS = YES;
				CLANG_WARN_DIRECT_OBJC_ISA_USAGE = YES_ERROR;
				CLANG_WARN_DOCUMENTATION_COMMENTS = YES;
				CLANG_WARN_EMPTY_BODY = YES;
				CLANG_WARN_ENUM_CONVERSION = YES;
				CLANG_WARN_INFINITE_RECURSION = YES;
				CLANG_WARN_INT_CONVERSION = YES;
				CLANG_WARN_NON_LITERAL_NULL_CONVERSION = YES;
				CLANG_WARN_OBJC_IMPLICIT_RETAIN_SELF = YES;
				CLANG_WARN_OBJC_LITERAL_CONVERSION = YES;
				CLANG_WARN_OBJC_ROOT_CLASS = YES_ERROR;
				CLANG_WARN_QUOTED_INCLUDE_IN_FRAMEWORK_HEADER = YES;
				CLANG_WARN_RANGE_LOOP_ANALYSIS = YES;
				CLANG_WARN_STRICT_PROTOTYPES = YES;
				CLANG_WARN_SUSPICIOUS_MOVE = YES;
				CLANG_WARN_UNGUARDED_AVAILABILITY = YES_AGGRESSIVE;
				CLANG_WARN_UNREACHABLE_CODE = YES;
				CLANG_WARN__DUPLICATE_METHOD_MATCH = YES;
				COPY_PHASE_STRIP = NO;
				DEBUG_INFORMATION_FORMAT = dwarf;
				ENABLE_STRICT_OBJC_MSGSEND = YES;
				ENABLE_TESTABILITY = YES;
				ENABLE_USER_SCRIPT_SANDBOXING = YES;
				GCC_C_LANGUAGE_STANDARD = gnu17;
				GCC_DYNAMIC_NO_PIC = NO;
				GCC_NO_COMMON_BLOCKS = YES;
				GCC_OPTIMIZATION_LEVEL = 0;
				GCC_PREPROCESSOR_DEFINITIONS = (
					"DEBUG=1",
					"$(inherited)",
				);
				GCC_WARN_64_TO_32_BIT_CONVERSION = YES;
				GCC_WARN_ABOUT_RETURN_TYPE = YES_ERROR;
				GCC_WARN_UNDECLARED_SELECTOR = YES;
				GCC_WARN_UNINITIALIZED_AUTOS = YES_AGGRESSIVE;
				GCC_WARN_UNUSED_FUNCTION = YES;
				GCC_WARN_UNUSED_VARIABLE = YES;
				IPHONEOS_DEPLOYMENT_TARGET = 13.0;
				LOCALIZATION_PREFERS_STRING_CATALOGS = YES;
				MTL_ENABLE_DEBUG_INFO = INCLUDE_SOURCE;
				MTL_FAST_MATH = YES;
				ONLY_ACTIVE_ARCH = YES;
				SDKROOT = iphoneos;
				SWIFT_ACTIVE_COMPILATION_CONDITIONS = "DEBUG $(inherited)";
				SWIFT_OPTIMIZATION_LEVEL = "-Onone";
			};
			name = Debug;
		};
		AEE869162B98526F00549A94 /* Release */ = {
			isa = XCBuildConfiguration;
			buildSettings = {
				ALWAYS_SEARCH_USER_PATHS = NO;
				ASSETCATALOG_COMPILER_GENERATE_SWIFT_ASSET_SYMBOL_EXTENSIONS = YES;
				CLANG_ANALYZER_LOCALIZABILITY_NONLOCALIZED = YES;
				CLANG_ANALYZER_NONNULL = YES;
				CLANG_ANALYZER_NUMBER_OBJECT_CONVERSION = YES_AGGRESSIVE;
				CLANG_CXX_LANGUAGE_STANDARD = "gnu++20";
				CLANG_ENABLE_MODULES = YES;
				CLANG_ENABLE_OBJC_ARC = YES;
				CLANG_ENABLE_OBJC_WEAK = YES;
				CLANG_WARN_BLOCK_CAPTURE_AUTORELEASING = YES;
				CLANG_WARN_BOOL_CONVERSION = YES;
				CLANG_WARN_COMMA = YES;
				CLANG_WARN_CONSTANT_CONVERSION = YES;
				CLANG_WARN_DEPRECATED_OBJC_IMPLEMENTATIONS = YES;
				CLANG_WARN_DIRECT_OBJC_ISA_USAGE = YES_ERROR;
				CLANG_WARN_DOCUMENTATION_COMMENTS = YES;
				CLANG_WARN_EMPTY_BODY = YES;
				CLANG_WARN_ENUM_CONVERSION = YES;
				CLANG_WARN_INFINITE_RECURSION = YES;
				CLANG_WARN_INT_CONVERSION = YES;
				CLANG_WARN_NON_LITERAL_NULL_CONVERSION = YES;
				CLANG_WARN_OBJC_IMPLICIT_RETAIN_SELF = YES;
				CLANG_WARN_OBJC_LITERAL_CONVERSION = YES;
				CLANG_WARN_OBJC_ROOT_CLASS = YES_ERROR;
				CLANG_WARN_QUOTED_INCLUDE_IN_FRAMEWORK_HEADER = YES;
				CLANG_WARN_RANGE_LOOP_ANALYSIS = YES;
				CLANG_WARN_STRICT_PROTOTYPES = YES;
				CLANG_WARN_SUSPICIOUS_MOVE = YES;
				CLANG_WARN_UNGUARDED_AVAILABILITY = YES_AGGRESSIVE;
				CLANG_WARN_UNREACHABLE_CODE = YES;
				CLANG_WARN__DUPLICATE_METHOD_MATCH = YES;
				COPY_PHASE_STRIP = NO;
				DEBUG_INFORMATION_FORMAT = "dwarf-with-dsym";
				ENABLE_NS_ASSERTIONS = NO;
				ENABLE_STRICT_OBJC_MSGSEND = YES;
				ENABLE_USER_SCRIPT_SANDBOXING = YES;
				GCC_C_LANGUAGE_STANDARD = gnu17;
				GCC_NO_COMMON_BLOCKS = YES;
				GCC_WARN_64_TO_32_BIT_CONVERSION = YES;
				GCC_WARN_ABOUT_RETURN_TYPE = YES_ERROR;
				GCC_WARN_UNDECLARED_SELECTOR = YES;
				GCC_WARN_UNINITIALIZED_AUTOS = YES_AGGRESSIVE;
				GCC_WARN_UNUSED_FUNCTION = YES;
				GCC_WARN_UNUSED_VARIABLE = YES;
				IPHONEOS_DEPLOYMENT_TARGET = 13.0;
				LOCALIZATION_PREFERS_STRING_CATALOGS = YES;
				MTL_ENABLE_DEBUG_INFO = NO;
				MTL_FAST_MATH = YES;
				SDKROOT = iphoneos;
				SWIFT_COMPILATION_MODE = wholemodule;
				VALIDATE_PRODUCT = YES;
			};
			name = Release;
		};
		AEE869182B98526F00549A94 /* Debug */ = {
			isa = XCBuildConfiguration;
			baseConfigurationReference = 8B2B33FA218BFF755642A923 /* Pods-upace-ios.debug.xcconfig */;
			buildSettings = {
				ASSETCATALOG_COMPILER_APPICON_NAME = AppIcon;
				ASSETCATALOG_COMPILER_GLOBAL_ACCENT_COLOR_NAME = AccentColor;
				CODE_SIGN_STYLE = Automatic;
				CURRENT_PROJECT_VERSION = 1;
				DEVELOPMENT_TEAM = V6W7VB43FV;
				ENABLE_USER_SCRIPT_SANDBOXING = NO;
				GENERATE_INFOPLIST_FILE = YES;
				INFOPLIST_FILE = "upace-ios/Info.plist";
				INFOPLIST_KEY_CFBundleDisplayName = Upace;
				INFOPLIST_KEY_UIApplicationSupportsIndirectInputEvents = YES;
				INFOPLIST_KEY_UILaunchStoryboardName = LaunchScreen;
				INFOPLIST_KEY_UIMainStoryboardFile = Main;
				INFOPLIST_KEY_UISupportedInterfaceOrientations_iPad = "UIInterfaceOrientationPortrait UIInterfaceOrientationPortraitUpsideDown UIInterfaceOrientationLandscapeLeft UIInterfaceOrientationLandscapeRight";
				INFOPLIST_KEY_UISupportedInterfaceOrientations_iPhone = "UIInterfaceOrientationPortrait UIInterfaceOrientationLandscapeLeft UIInterfaceOrientationLandscapeRight";
				LD_RUNPATH_SEARCH_PATHS = (
					"$(inherited)",
					"@executable_path/Frameworks",
				);
				MARKETING_VERSION = 1.0;
				PRODUCT_BUNDLE_IDENTIFIER = "com.qualwebs.upace-ios";
				PRODUCT_NAME = "$(TARGET_NAME)";
				SWIFT_EMIT_LOC_STRINGS = YES;
				SWIFT_VERSION = 5.0;
				TARGETED_DEVICE_FAMILY = "1,2";
			};
			name = Debug;
		};
		AEE869192B98526F00549A94 /* Release */ = {
			isa = XCBuildConfiguration;
			baseConfigurationReference = E7F5CC5EF377C9EB77DCBD2A /* Pods-upace-ios.release.xcconfig */;
			buildSettings = {
				ASSETCATALOG_COMPILER_APPICON_NAME = AppIcon;
				ASSETCATALOG_COMPILER_GLOBAL_ACCENT_COLOR_NAME = AccentColor;
				CODE_SIGN_STYLE = Automatic;
				CURRENT_PROJECT_VERSION = 1;
				DEVELOPMENT_TEAM = V6W7VB43FV;
				ENABLE_USER_SCRIPT_SANDBOXING = NO;
				GENERATE_INFOPLIST_FILE = YES;
				INFOPLIST_FILE = "upace-ios/Info.plist";
				INFOPLIST_KEY_CFBundleDisplayName = Upace;
				INFOPLIST_KEY_UIApplicationSupportsIndirectInputEvents = YES;
				INFOPLIST_KEY_UILaunchStoryboardName = LaunchScreen;
				INFOPLIST_KEY_UIMainStoryboardFile = Main;
				INFOPLIST_KEY_UISupportedInterfaceOrientations_iPad = "UIInterfaceOrientationPortrait UIInterfaceOrientationPortraitUpsideDown UIInterfaceOrientationLandscapeLeft UIInterfaceOrientationLandscapeRight";
				INFOPLIST_KEY_UISupportedInterfaceOrientations_iPhone = "UIInterfaceOrientationPortrait UIInterfaceOrientationLandscapeLeft UIInterfaceOrientationLandscapeRight";
				LD_RUNPATH_SEARCH_PATHS = (
					"$(inherited)",
					"@executable_path/Frameworks",
				);
				MARKETING_VERSION = 1.0;
				PRODUCT_BUNDLE_IDENTIFIER = "com.qualwebs.upace-ios";
				PRODUCT_NAME = "$(TARGET_NAME)";
				SWIFT_EMIT_LOC_STRINGS = YES;
				SWIFT_VERSION = 5.0;
				TARGETED_DEVICE_FAMILY = "1,2";
			};
			name = Release;
		};
/* End XCBuildConfiguration section */

/* Begin XCConfigurationList section */
		AEE868FE2B98526D00549A94 /* Build configuration list for PBXProject "upace-ios" */ = {
			isa = XCConfigurationList;
			buildConfigurations = (
				AEE869152B98526F00549A94 /* Debug */,
				AEE869162B98526F00549A94 /* Release */,
			);
			defaultConfigurationIsVisible = 0;
			defaultConfigurationName = Release;
		};
		AEE869172B98526F00549A94 /* Build configuration list for PBXNativeTarget "upace-ios" */ = {
			isa = XCConfigurationList;
			buildConfigurations = (
				AEE869182B98526F00549A94 /* Debug */,
				AEE869192B98526F00549A94 /* Release */,
			);
			defaultConfigurationIsVisible = 0;
			defaultConfigurationName = Release;
		};
/* End XCConfigurationList section */
	};
	rootObject = AEE868FB2B98526D00549A94 /* Project object */;
}
